
Microsoft Visual Studio Solution File, Format Version 12.00
# Visual Studio Version 17
VisualStudioVersion = 17.2.32616.157
MinimumVisualStudioVersion = 10.0.40219.1
Project("{9A19103F-16F7-4668-BE54-9A1E7A4F7556}") = "NetCore.Web", "NetCore.Web\NetCore.Web.csproj", "{B6F6A876-0522-4CD4-B561-A4FB52A75CE9}"
EndProject
Project("{9A19103F-16F7-4668-BE54-9A1E7A4F7556}") = "NetCore.Services", "NetCore.Services\NetCore.Services.csproj", "{36AAA603-6844-49E3-96A0-27BD044A098F}"
EndProject
Project("{9A19103F-16F7-4668-BE54-9A1E7A4F7556}") = "NetCore.Data", "NetCore.Data\NetCore.Data.csproj", "{8EEB88D9-9632-4398-8E8F-9D842C7C2818}"
EndProject
Global
	GlobalSection(SolutionConfigurationPlatforms) = preSolution
		Debug|Any CPU = Debug|Any CPU
		Release|Any CPU = Release|Any CPU
	EndGlobalSection
	GlobalSection(ProjectConfigurationPlatforms) = postSolution
		{B6F6A876-0522-4CD4-B561-A4FB52A75CE9}.Debug|Any CPU.ActiveCfg = Debug|Any CPU
		{B6F6A876-0522-4CD4-B561-A4FB52A75CE9}.Debug|Any CPU.Build.0 = Debug|Any CPU
		{B6F6A876-0522-4CD4-B561-A4FB52A75CE9}.Release|Any CPU.ActiveCfg = Release|Any CPU
		{B6F6A876-0522-4CD4-B561-A4FB52A75CE9}.Release|Any CPU.Build.0 = Release|Any CPU
		{36AAA603-6844-49E3-96A0-27BD044A098F}.Debug|Any CPU.ActiveCfg = Debug|Any CPU
		{36AAA603-6844-49E3-96A0-27BD044A098F}.Debug|Any CPU.Build.0 = Debug|Any CPU
		{36AAA603-6844-49E3-96A0-27BD044A098F}.Release|Any CPU.ActiveCfg = Release|Any CPU
		{36AAA603-6844-49E3-96A0-27BD044A098F}.Release|Any CPU.Build.0 = Release|Any CPU
		{8EEB88D9-9632-4398-8E8F-9D842C7C2818}.Debug|Any CPU.ActiveCfg = Debug|Any CPU
		{8EEB88D9-9632-4398-8E8F-9D842C7C2818}.Debug|Any CPU.Build.0 = Debug|Any CPU
		{8EEB88D9-9632-4398-8E8F-9D842C7C2818}.Release|Any CPU.ActiveCfg = Release|Any CPU
		{8EEB88D9-9632-4398-8E8F-9D842C7C2818}.Release|Any CPU.Build.0 = Release|Any CPU
	EndGlobalSection
	GlobalSection(SolutionProperties) = preSolution
		HideSolutionNode = FALSE
	EndGlobalSection
	GlobalSection(ExtensibilityGlobals) = postSolution
		SolutionGuid = {55308BAF-3581-4EE3-ADB1-56E7359112B8}
	EndGlobalSection
EndGlobal
